
Microsoft Visual Studio Solution File, Format Version 12.00
# Visual Studio Version 16
VisualStudioVersion = 16.0.31229.75
MinimumVisualStudioVersion = 10.0.40219.1
Project("{8BC9CEB8-8B4A-11D0-8D11-00A0C91BC942}") = "ClientMS", "ClientMS\ClientMS.vcxproj", "{999DDDC1-0E8F-456A-A52D-DF7ABD6A40B9}"
EndProject
Global
	GlobalSection(SolutionConfigurationPlatforms) = preSolution
		Debug|x64 = Debug|x64
		Debug|x86 = Debug|x86
		Release|x64 = Release|x64
		Release|x86 = Release|x86
	EndGlobalSection
	GlobalSection(ProjectConfigurationPlatforms) = postSolution
		{999DDDC1-0E8F-456A-A52D-DF7ABD6A40B9}.Debug|x64.ActiveCfg = Debug|x64
		{999DDDC1-0E8F-456A-A52D-DF7ABD6A40B9}.Debug|x64.Build.0 = Debug|x64
		{999DDDC1-0E8F-456A-A52D-DF7ABD6A40B9}.Debug|x86.ActiveCfg = Debug|Win32
		{999DDDC1-0E8F-456A-A52D-DF7ABD6A40B9}.Debug|x86.Build.0 = Debug|Win32
		{999DDDC1-0E8F-456A-A52D-DF7ABD6A40B9}.Release|x64.ActiveCfg = Release|x64
		{999DDDC1-0E8F-456A-A52D-DF7ABD6A40B9}.Release|x64.Build.0 = Release|x64
		{999DDDC1-0E8F-456A-A52D-DF7ABD6A40B9}.Release|x86.ActiveCfg = Release|Win32
		{999DDDC1-0E8F-456A-A52D-DF7ABD6A40B9}.Release|x86.Build.0 = Release|Win32
	EndGlobalSection
	GlobalSection(SolutionProperties) = preSolution
		HideSolutionNode = FALSE
	EndGlobalSection
	GlobalSection(ExtensibilityGlobals) = postSolution
		SolutionGuid = {E55FAC46-7DAC-4C37-9D71-9C4D8D2BF6E8}
	EndGlobalSection
EndGlobal
